
Microsoft Visual Studio Solution File, Format Version 12.00
# Visual Studio Version 17
VisualStudioVersion = 17.0.31717.71
MinimumVisualStudioVersion = 10.0.40219.1
Project("{FAE04EC0-301F-11D3-BF4B-00C04F79EFBC}") = "CKK", "CKK\CKK\CKK.csproj", "{15C524F5-DB6E-4270-9027-73984EFBB84A}"
EndProject
Project("{FAE04EC0-301F-11D3-BF4B-00C04F79EFBC}") = "CKK.Android", "CKK\CKK.Android\CKK.Android.csproj", "{4BFC1DA0-8CD0-43AA-8FE4-1F2484EC06F9}"
EndProject
Project("{FAE04EC0-301F-11D3-BF4B-00C04F79EFBC}") = "CKK.Desktop", "CKK\CKK.Desktop\CKK.Desktop.csproj", "{3D5F7508-348A-4331-9C98-EE0A30C8E159}"
EndProject
Project("{FAE04EC0-301F-11D3-BF4B-00C04F79EFBC}") = "CKK.iOS", "CKK\CKK.iOS\CKK.iOS.csproj", "{51A12F44-2301-47C0-B461-27172312FD1D}"
EndProject
Project("{FAE04EC0-301F-11D3-BF4B-00C04F79EFBC}") = "CKK.Browser", "CKK\CKK.Browser\CKK.Browser.csproj", "{6B37BA8D-814A-4265-963A-649B821D1A77}"
EndProject
Project("{FAE04EC0-301F-11D3-BF4B-00C04F79EFBC}") = "CKK.Services", "CKK.Services\CKK.Services.csproj", "{36840A86-0BA5-4251-A6DE-B9BEF3B89B3E}"
EndProject
Project("{2150E333-8FDC-42A3-9474-1A3956D46DE8}") = "Apps", "Apps", "{02EA681E-C7D8-13C7-8484-4AC65E1B71E8}"
EndProject
Project("{FAE04EC0-301F-11D3-BF4B-00C04F79EFBC}") = "CKK.Abstraction", "CKK.Abstraction\CKK.Abstraction.csproj", "{10C9C6F2-802A-4719-8865-FEC0BFDF6C17}"
EndProject
Global
	GlobalSection(SolutionConfigurationPlatforms) = preSolution
		Debug|Any CPU = Debug|Any CPU
		Release|Any CPU = Release|Any CPU
	EndGlobalSection
	GlobalSection(ProjectConfigurationPlatforms) = postSolution
		{15C524F5-DB6E-4270-9027-73984EFBB84A}.Debug|Any CPU.ActiveCfg = Debug|Any CPU
		{15C524F5-DB6E-4270-9027-73984EFBB84A}.Debug|Any CPU.Build.0 = Debug|Any CPU
		{15C524F5-DB6E-4270-9027-73984EFBB84A}.Release|Any CPU.ActiveCfg = Release|Any CPU
		{15C524F5-DB6E-4270-9027-73984EFBB84A}.Release|Any CPU.Build.0 = Release|Any CPU
		{4BFC1DA0-8CD0-43AA-8FE4-1F2484EC06F9}.Debug|Any CPU.ActiveCfg = Debug|Any CPU
		{4BFC1DA0-8CD0-43AA-8FE4-1F2484EC06F9}.Debug|Any CPU.Build.0 = Debug|Any CPU
		{4BFC1DA0-8CD0-43AA-8FE4-1F2484EC06F9}.Debug|Any CPU.Deploy.0 = Debug|Any CPU
		{4BFC1DA0-8CD0-43AA-8FE4-1F2484EC06F9}.Release|Any CPU.ActiveCfg = Release|Any CPU
		{4BFC1DA0-8CD0-43AA-8FE4-1F2484EC06F9}.Release|Any CPU.Build.0 = Release|Any CPU
		{4BFC1DA0-8CD0-43AA-8FE4-1F2484EC06F9}.Release|Any CPU.Deploy.0 = Release|Any CPU
		{3D5F7508-348A-4331-9C98-EE0A30C8E159}.Debug|Any CPU.ActiveCfg = Debug|Any CPU
		{3D5F7508-348A-4331-9C98-EE0A30C8E159}.Debug|Any CPU.Build.0 = Debug|Any CPU
		{3D5F7508-348A-4331-9C98-EE0A30C8E159}.Release|Any CPU.ActiveCfg = Release|Any CPU
		{3D5F7508-348A-4331-9C98-EE0A30C8E159}.Release|Any CPU.Build.0 = Release|Any CPU
		{51A12F44-2301-47C0-B461-27172312FD1D}.Debug|Any CPU.ActiveCfg = Debug|Any CPU
		{51A12F44-2301-47C0-B461-27172312FD1D}.Debug|Any CPU.Build.0 = Debug|Any CPU
		{51A12F44-2301-47C0-B461-27172312FD1D}.Debug|Any CPU.Deploy.0 = Debug|Any CPU
		{51A12F44-2301-47C0-B461-27172312FD1D}.Release|Any CPU.ActiveCfg = Release|Any CPU
		{51A12F44-2301-47C0-B461-27172312FD1D}.Release|Any CPU.Build.0 = Release|Any CPU
		{51A12F44-2301-47C0-B461-27172312FD1D}.Release|Any CPU.Deploy.0 = Release|Any CPU
		{6B37BA8D-814A-4265-963A-649B821D1A77}.Debug|Any CPU.ActiveCfg = Debug|Any CPU
		{6B37BA8D-814A-4265-963A-649B821D1A77}.Debug|Any CPU.Build.0 = Debug|Any CPU
		{6B37BA8D-814A-4265-963A-649B821D1A77}.Release|Any CPU.ActiveCfg = Release|Any CPU
		{6B37BA8D-814A-4265-963A-649B821D1A77}.Release|Any CPU.Build.0 = Release|Any CPU
		{36840A86-0BA5-4251-A6DE-B9BEF3B89B3E}.Debug|Any CPU.ActiveCfg = Debug|Any CPU
		{36840A86-0BA5-4251-A6DE-B9BEF3B89B3E}.Debug|Any CPU.Build.0 = Debug|Any CPU
		{36840A86-0BA5-4251-A6DE-B9BEF3B89B3E}.Release|Any CPU.ActiveCfg = Release|Any CPU
		{36840A86-0BA5-4251-A6DE-B9BEF3B89B3E}.Release|Any CPU.Build.0 = Release|Any CPU
		{10C9C6F2-802A-4719-8865-FEC0BFDF6C17}.Debug|Any CPU.ActiveCfg = Debug|Any CPU
		{10C9C6F2-802A-4719-8865-FEC0BFDF6C17}.Debug|Any CPU.Build.0 = Debug|Any CPU
		{10C9C6F2-802A-4719-8865-FEC0BFDF6C17}.Release|Any CPU.ActiveCfg = Release|Any CPU
		{10C9C6F2-802A-4719-8865-FEC0BFDF6C17}.Release|Any CPU.Build.0 = Release|Any CPU
	EndGlobalSection
	GlobalSection(SolutionProperties) = preSolution
		HideSolutionNode = FALSE
	EndGlobalSection
	GlobalSection(NestedProjects) = preSolution
		{4BFC1DA0-8CD0-43AA-8FE4-1F2484EC06F9} = {02EA681E-C7D8-13C7-8484-4AC65E1B71E8}
		{3D5F7508-348A-4331-9C98-EE0A30C8E159} = {02EA681E-C7D8-13C7-8484-4AC65E1B71E8}
		{51A12F44-2301-47C0-B461-27172312FD1D} = {02EA681E-C7D8-13C7-8484-4AC65E1B71E8}
		{6B37BA8D-814A-4265-963A-649B821D1A77} = {02EA681E-C7D8-13C7-8484-4AC65E1B71E8}
	EndGlobalSection
	GlobalSection(ExtensibilityGlobals) = postSolution
		SolutionGuid = {D94B9809-454E-4A73-B602-61349B720D46}
	EndGlobalSection
EndGlobal
